
Microsoft Visual Studio Solution File, Format Version 12.00
Project("{FAE04EC0-301F-11D3-BF4B-00C04F79EFBC}") = "WinFormsApp1", "WinFormsApp1\WinFormsApp1.csproj", "{FA31F48B-C14C-45F1-A872-B50F129AFF4A}"
EndProject
Global
	GlobalSection(SolutionConfigurationPlatforms) = preSolution
		Debug|Any CPU = Debug|Any CPU
		Release|Any CPU = Release|Any CPU
	EndGlobalSection
	GlobalSection(ProjectConfigurationPlatforms) = postSolution
		{FA31F48B-C14C-45F1-A872-B50F129AFF4A}.Debug|Any CPU.ActiveCfg = Debug|Any CPU
		{FA31F48B-C14C-45F1-A872-B50F129AFF4A}.Debug|Any CPU.Build.0 = Debug|Any CPU
		{FA31F48B-C14C-45F1-A872-B50F129AFF4A}.Release|Any CPU.ActiveCfg = Release|Any CPU
		{FA31F48B-C14C-45F1-A872-B50F129AFF4A}.Release|Any CPU.Build.0 = Release|Any CPU
	EndGlobalSection
EndGlobal
